
Microsoft Visual Studio Solution File, Format Version 12.00
# Visual Studio Version 17
VisualStudioVersion = 17.9.34728.123
MinimumVisualStudioVersion = 10.0.40219.1
Project("{9A19103F-16F7-4668-BE54-9A1E7A4F7556}") = "FinanceApp.API", "WebApplication1\FinanceApp.API.csproj", "{39C159F9-F523-47A8-8F1D-824FCDB63720}"
EndProject
Project("{9A19103F-16F7-4668-BE54-9A1E7A4F7556}") = "FinanceApp.Domain.Entities", "FinanceApp.Domain.Entities\FinanceApp.Domain.Entities.csproj", "{41FA37D2-1A64-4F50-B95B-6C2547DC54D4}"
EndProject
Project("{9A19103F-16F7-4668-BE54-9A1E7A4F7556}") = "FinanceApp.Domain.Exceptions", "FinanceApp.Domain.Errors\FinanceApp.Domain.Exceptions.csproj", "{7E396B51-16C0-40AD-9288-FB66D2176946}"
EndProject
Project("{9A19103F-16F7-4668-BE54-9A1E7A4F7556}") = "FinanceApp.Domain.Abstract", "FinanceApp.Domain.Abstract\FinanceApp.Domain.Abstract.csproj", "{560F14E9-E267-4017-B214-216FD0FCE5B5}"
EndProject
Global
	GlobalSection(SolutionConfigurationPlatforms) = preSolution
		Debug|Any CPU = Debug|Any CPU
		Release|Any CPU = Release|Any CPU
	EndGlobalSection
	GlobalSection(ProjectConfigurationPlatforms) = postSolution
		{39C159F9-F523-47A8-8F1D-824FCDB63720}.Debug|Any CPU.ActiveCfg = Debug|Any CPU
		{39C159F9-F523-47A8-8F1D-824FCDB63720}.Debug|Any CPU.Build.0 = Debug|Any CPU
		{39C159F9-F523-47A8-8F1D-824FCDB63720}.Release|Any CPU.ActiveCfg = Release|Any CPU
		{39C159F9-F523-47A8-8F1D-824FCDB63720}.Release|Any CPU.Build.0 = Release|Any CPU
		{41FA37D2-1A64-4F50-B95B-6C2547DC54D4}.Debug|Any CPU.ActiveCfg = Debug|Any CPU
		{41FA37D2-1A64-4F50-B95B-6C2547DC54D4}.Debug|Any CPU.Build.0 = Debug|Any CPU
		{41FA37D2-1A64-4F50-B95B-6C2547DC54D4}.Release|Any CPU.ActiveCfg = Release|Any CPU
		{41FA37D2-1A64-4F50-B95B-6C2547DC54D4}.Release|Any CPU.Build.0 = Release|Any CPU
		{7E396B51-16C0-40AD-9288-FB66D2176946}.Debug|Any CPU.ActiveCfg = Debug|Any CPU
		{7E396B51-16C0-40AD-9288-FB66D2176946}.Debug|Any CPU.Build.0 = Debug|Any CPU
		{7E396B51-16C0-40AD-9288-FB66D2176946}.Release|Any CPU.ActiveCfg = Release|Any CPU
		{7E396B51-16C0-40AD-9288-FB66D2176946}.Release|Any CPU.Build.0 = Release|Any CPU
		{560F14E9-E267-4017-B214-216FD0FCE5B5}.Debug|Any CPU.ActiveCfg = Debug|Any CPU
		{560F14E9-E267-4017-B214-216FD0FCE5B5}.Debug|Any CPU.Build.0 = Debug|Any CPU
		{560F14E9-E267-4017-B214-216FD0FCE5B5}.Release|Any CPU.ActiveCfg = Release|Any CPU
		{560F14E9-E267-4017-B214-216FD0FCE5B5}.Release|Any CPU.Build.0 = Release|Any CPU
	EndGlobalSection
	GlobalSection(SolutionProperties) = preSolution
		HideSolutionNode = FALSE
	EndGlobalSection
	GlobalSection(ExtensibilityGlobals) = postSolution
		SolutionGuid = {033411D6-6CBD-475B-84C6-6DAE3318CD0F}
	EndGlobalSection
EndGlobal
